Microsoft Visual Studio Solution File, Format Version 12.00
Project("{FAE04EC0-301F-11D3-BF4B-00C04F79EFBC}") = "BattleshipBoardGame", "src\BattleshipBoardGame\BattleshipBoardGame.csproj", "{8D8CE34D-2757-4B6C-910A-FFFFC5E5C6E8}"
EndProject
Project("{2150E333-8FDC-42A3-9474-1A3956D46DE8}") = "Solution Items", "Solution Items", "{EB152A3F-CBB0-455A-8488-4FA1F1371C29}"
	ProjectSection(SolutionItems) = preProject
		.editorconfig = .editorconfig
		.gitignore = .gitignore
		Directory.packages.props = Directory.packages.props
		global.json = global.json
		README.md = README.md
		Notes.md = Notes.md
	EndProjectSection
EndProject
Project("{FAE04EC0-301F-11D3-BF4B-00C04F79EFBC}") = "BattleshipBoardGame.Tests.Unit", "tests\BattleshipBoardGame.Tests.Unit\BattleshipBoardGame.Tests.Unit.csproj", "{EBC7B532-103A-4F8A-81E4-18AE2371DD77}"
EndProject
Project("{FAE04EC0-301F-11D3-BF4B-00C04F79EFBC}") = "BattleshipBoardGame.Tests.Integration", "tests\BattleshipBoardGame.Tests.Integration\BattleshipBoardGame.Tests.Integration.csproj", "{E4AB1D59-6EAA-4118-9067-CE099D4A48C1}"
EndProject
Global
	GlobalSection(SolutionConfigurationPlatforms) = preSolution
		Debug|Any CPU = Debug|Any CPU
		Release|Any CPU = Release|Any CPU
	EndGlobalSection
	GlobalSection(ProjectConfigurationPlatforms) = postSolution
		{8D8CE34D-2757-4B6C-910A-FFFFC5E5C6E8}.Debug|Any CPU.ActiveCfg = Debug|Any CPU
		{8D8CE34D-2757-4B6C-910A-FFFFC5E5C6E8}.Debug|Any CPU.Build.0 = Debug|Any CPU
		{8D8CE34D-2757-4B6C-910A-FFFFC5E5C6E8}.Release|Any CPU.ActiveCfg = Release|Any CPU
		{8D8CE34D-2757-4B6C-910A-FFFFC5E5C6E8}.Release|Any CPU.Build.0 = Release|Any CPU
		{EBC7B532-103A-4F8A-81E4-18AE2371DD77}.Debug|Any CPU.ActiveCfg = Debug|Any CPU
		{EBC7B532-103A-4F8A-81E4-18AE2371DD77}.Debug|Any CPU.Build.0 = Debug|Any CPU
		{EBC7B532-103A-4F8A-81E4-18AE2371DD77}.Release|Any CPU.ActiveCfg = Release|Any CPU
		{EBC7B532-103A-4F8A-81E4-18AE2371DD77}.Release|Any CPU.Build.0 = Release|Any CPU
		{E4AB1D59-6EAA-4118-9067-CE099D4A48C1}.Debug|Any CPU.ActiveCfg = Debug|Any CPU
		{E4AB1D59-6EAA-4118-9067-CE099D4A48C1}.Debug|Any CPU.Build.0 = Debug|Any CPU
		{E4AB1D59-6EAA-4118-9067-CE099D4A48C1}.Release|Any CPU.ActiveCfg = Release|Any CPU
		{E4AB1D59-6EAA-4118-9067-CE099D4A48C1}.Release|Any CPU.Build.0 = Release|Any CPU
	EndGlobalSection
EndGlobal
